
Microsoft Visual Studio Solution File, Format Version 12.00
# Visual Studio Version 16
VisualStudioVersion = 16.0.32510.428
MinimumVisualStudioVersion = 10.0.40219.1
Project("{FAE04EC0-301F-11D3-BF4B-00C04F79EFBC}") = "Capa_Datos", "Capa_Datos\Capa_Datos.csproj", "{AE950C35-6D59-4CCA-BEE1-772BCCDF0997}"
EndProject
Project("{FAE04EC0-301F-11D3-BF4B-00C04F79EFBC}") = "Capa_Entidades", "Capa_Entidades\Capa_Entidades.csproj", "{77F7F897-E3C0-4C84-BEF9-F71B57F9E7A8}"
EndProject
Global
	GlobalSection(SolutionConfigurationPlatforms) = preSolution
		Debug|Any CPU = Debug|Any CPU
		Release|Any CPU = Release|Any CPU
	EndGlobalSection
	GlobalSection(ProjectConfigurationPlatforms) = postSolution
		{AE950C35-6D59-4CCA-BEE1-772BCCDF0997}.Debug|Any CPU.ActiveCfg = Debug|Any CPU
		{AE950C35-6D59-4CCA-BEE1-772BCCDF0997}.Debug|Any CPU.Build.0 = Debug|Any CPU
		{AE950C35-6D59-4CCA-BEE1-772BCCDF0997}.Release|Any CPU.ActiveCfg = Release|Any CPU
		{AE950C35-6D59-4CCA-BEE1-772BCCDF0997}.Release|Any CPU.Build.0 = Release|Any CPU
		{77F7F897-E3C0-4C84-BEF9-F71B57F9E7A8}.Debug|Any CPU.ActiveCfg = Debug|Any CPU
		{77F7F897-E3C0-4C84-BEF9-F71B57F9E7A8}.Debug|Any CPU.Build.0 = Debug|Any CPU
		{77F7F897-E3C0-4C84-BEF9-F71B57F9E7A8}.Release|Any CPU.ActiveCfg = Release|Any CPU
		{77F7F897-E3C0-4C84-BEF9-F71B57F9E7A8}.Release|Any CPU.Build.0 = Release|Any CPU
	EndGlobalSection
	GlobalSection(SolutionProperties) = preSolution
		HideSolutionNode = FALSE
	EndGlobalSection
	GlobalSection(ExtensibilityGlobals) = postSolution
		SolutionGuid = {3F342D52-83DC-4E15-A898-4D3FACFF56E4}
	EndGlobalSection
EndGlobal
